[[package]]
name = "addict"
version = "2.4.0"
description = "Addict is a dictionary whose items can be set using both attribute and item syntax."
category = "dev"
optional = false
python-versions = "*"

[[package]]
name = "aniso8601"
version = "7.0.0"
description = "A library for parsing ISO 8601 strings."
category = "main"
optional = false
python-versions = "*"

[[package]]
name = "atomicwrites"
version = "1.4.0"
description = "Atomic file writes."
category = "dev"
optional = false
python-versions = ">=2.7, !=3.0.*, !=3.1.*, !=3.2.*, !=3.3.*"

[[package]]
name = "attrs"
version = "21.4.0"
description = "Classes Without Boilerplate"
category = "dev"
optional = false
python-versions = ">=2.7, !=3.0.*, !=3.1.*, !=3.2.*, !=3.3.*, !=3.4.*"

[package.extras]
dev = ["coverage[toml] (>=5.0.2)", "hypothesis", "pympler", "pytest (>=4.3.0)", "six", "mypy", "pytest-mypy-plugins", "zope.interface", "furo", "sphinx", "sphinx-notfound-page", "pre-commit", "cloudpickle"]
docs = ["furo", "sphinx", "zope.interface", "sphinx-notfound-page"]
tests = ["coverage[toml] (>=5.0.2)", "hypothesis", "pympler", "pytest (>=4.3.0)", "six", "mypy", "pytest-mypy-plugins", "zope.interface", "cloudpickle"]
tests_no_zope = ["coverage[toml] (>=5.0.2)", "hypothesis", "pympler", "pytest (>=4.3.0)", "six", "mypy", "pytest-mypy-plugins", "cloudpickle"]

[[package]]
name = "colorama"
version = "0.4.4"
description = "Cross-platform colored terminal text."
category = "dev"
optional = false
python-versions = ">=2.7, !=3.0.*, !=3.1.*, !=3.2.*, !=3.3.*, !=3.4.*"

[[package]]
name = "coverage"
version = "6.2"
description = "Code coverage measurement for Python"
category = "dev"
optional = false
python-versions = ">=3.6"

[package.extras]
toml = ["tomli"]

[[package]]
name = "django"
version = "2.2.27"
description = "A high-level Python Web framework that encourages rapid development and clean, pragmatic design."
category = "main"
optional = false
python-versions = ">=3.5"

[package.dependencies]
pytz = "*"
sqlparse = ">=0.2.2"

[package.extras]
argon2 = ["argon2-cffi (>=16.1.0)"]
bcrypt = ["bcrypt"]

[[package]]
name = "factory-boy"
version = "2.12.0"
description = "A versatile test fixtures replacement based on thoughtbot's factory_bot for Ruby."
category = "dev"
optional = false
python-versions = ">=2.7, !=3.0.*, !=3.1.*, !=3.2.*, !=3.3.*"

[package.dependencies]
Faker = ">=0.7.0"

[[package]]
name = "faker"
version = "13.3.1"
description = "Faker is a Python package that generates fake data for you."
category = "dev"
optional = false
python-versions = ">=3.6"

[package.dependencies]
python-dateutil = ">=2.4"
typing-extensions = {version = ">=3.10.0.2", markers = "python_version < \"3.8\""}

[[package]]
name = "graphene"
version = "2.1.9"
description = "GraphQL Framework for Python"
category = "main"
optional = false
python-versions = "*"

[package.dependencies]
aniso8601 = ">=3,<=7"
graphql-core = ">=2.1,<3"
graphql-relay = ">=2,<3"
six = ">=1.10.0,<2"

[package.extras]
django = ["graphene-django"]
sqlalchemy = ["graphene-sqlalchemy"]
test = ["pytest", "pytest-benchmark", "pytest-cov", "pytest-mock", "fastdiff (==0.2.0)", "snapshottest", "coveralls", "promise", "six", "mock", "pytz", "iso8601"]

[[package]]
name = "graphene-django"
version = "2.15.0"
description = "Graphene Django integration"
category = "main"
optional = false
python-versions = "*"

[package.dependencies]
Django = ">=1.11"
graphene = ">=2.1.7,<3"
graphql-core = ">=2.1.0,<3"
promise = ">=2.1"
singledispatch = ">=3.4.0.3"
six = ">=1.10.0"
text-unidecode = "*"

[package.extras]
dev = ["black (==19.10b0)", "flake8 (==3.7.9)", "flake8-black (==0.1.1)", "flake8-bugbear (==20.1.4)", "pytest (>=3.6.3)", "pytest-cov", "coveralls", "mock", "pytz", "pytest-django (>=3.3.2)", "djangorestframework (>=3.6.3)", "django-filter (<2)", "django-filter (>=2)"]
rest_framework = ["djangorestframework (>=3.6.3)"]
test = ["pytest (>=3.6.3)", "pytest-cov", "coveralls", "mock", "pytz", "pytest-django (>=3.3.2)", "djangorestframework (>=3.6.3)", "django-filter (<2)", "django-filter (>=2)"]

[[package]]
name = "graphene-file-upload"
version = "1.3.0"
description = "Lib for adding file upload functionality to GraphQL mutations in Graphene Django and Flask-Graphql"
category = "main"
optional = false
python-versions = "*"

[package.dependencies]
six = ">=1.11.0"

[package.extras]
all = ["Flask (>=1.0.2)", "graphene (>=2.1.2)", "Flask-Graphql (>=2.0.0)", "graphene-django (>=2.0.0)"]
django = ["graphene-django (>=2.0.0)"]
flask = ["Flask (>=1.0.2)", "graphene (>=2.1.2)", "Flask-Graphql (>=2.0.0)"]
tests = ["coverage", "pytest", "pytest-cov", "pytest-django"]

[[package]]
name = "graphql-core"
version = "2.3.2"
description = "GraphQL implementation for Python"
category = "main"
optional = false
python-versions = "*"

[package.dependencies]
promise = ">=2.3,<3"
rx = ">=1.6,<2"
six = ">=1.10.0"

[package.extras]
gevent = ["gevent (>=1.1)"]
test = ["six (==1.14.0)", "pyannotate (==1.2.0)", "pytest (==4.6.10)", "pytest-django (==3.9.0)", "pytest-cov (==2.8.1)", "coveralls (==1.11.1)", "cython (==0.29.17)", "gevent (==1.5.0)", "pytest-benchmark (==3.2.3)", "pytest-mock (==2.0.0)"]

[[package]]
name = "graphql-relay"
version = "2.0.1"
description = "Relay implementation for Python"
category = "main"
optional = false
python-versions = "*"

[package.dependencies]
graphql-core = ">=2.2,<3"
promise = ">=2.2,<3"
six = ">=1.12"

[[package]]
name = "importlib-metadata"
version = "4.8.3"
description = "Read metadata from Python packages"
category = "dev"
optional = false
python-versions = ">=3.6"

[package.dependencies]
typing-extensions = {version = ">=3.6.4", markers = "python_version < \"3.8\""}
zipp = ">=0.5"

[package.extras]
docs = ["sphinx", "jaraco.packaging (>=8.2)", "rst.linker (>=1.9)"]
perf = ["ipython"]
testing = ["pytest (>=6)", "pytest-checkdocs (>=2.4)", "pytest-flake8", "pytest-cov", "pytest-enabler (>=1.0.1)", "packaging", "pep517", "pyfakefs", "flufl.flake8", "pytest-perf (>=0.9.2)", "pytest-black (>=0.3.7)", "pytest-mypy", "importlib-resources (>=1.3)"]

[[package]]
name = "more-itertools"
version = "8.12.0"
description = "More routines for operating on iterables, beyond itertools"
category = "dev"
optional = false
python-versions = ">=3.5"

[[package]]
name = "packaging"
version = "21.3"
description = "Core utilities for Python packages"
category = "dev"
optional = false
python-versions = ">=3.6"

[package.dependencies]
pyparsing = ">=2.0.2,<3.0.5 || >3.0.5"

[[package]]
name = "pluggy"
version = "0.13.1"
description = "plugin and hook calling mechanisms for python"
category = "dev"
optional = false
python-versions = ">=2.7, !=3.0.*, !=3.1.*, !=3.2.*, !=3.3.*"

[package.dependencies]
importlib-metadata = {version = ">=0.12", markers = "python_version < \"3.8\""}

[package.extras]
dev = ["pre-commit", "tox"]

[[package]]
name = "promise"
version = "2.3"
description = "Promises/A+ implementation for Python"
category = "main"
optional = false
python-versions = "*"

[package.dependencies]
six = "*"

[package.extras]
test = ["pytest (>=2.7.3)", "pytest-cov", "coveralls", "futures", "pytest-benchmark", "mock"]

[[package]]
name = "py"
version = "1.11.0"
description = "library with cross-python path, ini-parsing, io, code, log facilities"
category = "dev"
optional = false
python-versions = ">=2.7, !=3.0.*, !=3.1.*, !=3.2.*, !=3.3.*, !=3.4.*"

[[package]]
name = "pyparsing"
version = "3.0.7"
description = "Python parsing module"
category = "dev"
optional = false
python-versions = ">=3.6"

[package.extras]
diagrams = ["jinja2", "railroad-diagrams"]

[[package]]
name = "pytest"
version = "5.4.3"
description = "pytest: simple powerful testing with Python"
category = "dev"
optional = false
python-versions = ">=3.5"

[package.dependencies]
atomicwrites = {version = ">=1.0", markers = "sys_platform == \"win32\""}
attrs = ">=17.4.0"
colorama = {version = "*", markers = "sys_platform == \"win32\""}
importlib-metadata = {version = ">=0.12", markers = "python_version < \"3.8\""}
more-itertools = ">=4.0.0"
packaging = "*"
pluggy = ">=0.12,<1.0"
py = ">=1.5.0"
wcwidth = "*"

[package.extras]
checkqa-mypy = ["mypy (==v0.761)"]
testing = ["argcomplete", "hypothesis (>=3.56)", "mock", "nose", "requests", "xmlschema"]

[[package]]
name = "pytest-cov"
version = "2.12.1"
description = "Pytest plugin for measuring coverage."
category = "dev"
optional = false
python-versions = ">=2.7, !=3.0.*, !=3.1.*, !=3.2.*, !=3.3.*, !=3.4.*"

[package.dependencies]
coverage = ">=5.2.1"
pytest = ">=4.6"
toml = "*"

[package.extras]
testing = ["fields", "hunter", "process-tests", "six", "pytest-xdist", "virtualenv"]

[[package]]
name = "pytest-django"
version = "3.10.0"
description = "A Django plugin for pytest."
category = "dev"
optional = false
python-versions = ">=2.7, !=3.0.*, !=3.1.*, !=3.2.*, !=3.3.*"

[package.dependencies]
pytest = ">=3.6"

[package.extras]
docs = ["sphinx", "sphinx-rtd-theme"]
testing = ["django", "django-configurations (>=2.0)", "six"]

[[package]]
name = "python-dateutil"
version = "2.8.2"
description = "Extensions to the standard Python datetime module"
category = "dev"
optional = false
python-versions = "!=3.0.*,!=3.1.*,!=3.2.*,>=2.7"

[package.dependencies]
six = ">=1.5"

[[package]]
name = "pytz"
version = "2021.3"
description = "World timezone definitions, modern and historical"
category = "main"
optional = false
python-versions = "*"

[[package]]
name = "rx"
version = "1.6.1"
description = "Reactive Extensions (Rx) for Python"
category = "main"
optional = false
python-versions = "*"

[[package]]
name = "singledispatch"
version = "3.7.0"
description = "Backport functools.singledispatch from Python 3.4 to Python 2.6-3.3."
category = "main"
optional = false
python-versions = ">=2.6"

[package.dependencies]
six = "*"

[package.extras]
docs = ["sphinx", "jaraco.packaging (>=8.2)", "rst.linker (>=1.9)"]
testing = ["pytest (>=4.6)", "pytest-flake8", "pytest-cov", "pytest-black (>=0.3.7)", "unittest2", "pytest-checkdocs (>=2.4)"]

[[package]]
name = "six"
version = "1.16.0"
description = "Python 2 and 3 compatibility utilities"
category = "main"
optional = false
python-versions = ">=2.7, !=3.0.*, !=3.1.*, !=3.2.*"

[[package]]
name = "sqlparse"
version = "0.4.2"
description = "A non-validating SQL parser."
category = "main"
optional = false
python-versions = ">=3.5"

[[package]]
name = "text-unidecode"
version = "1.3"
description = "The most basic Text::Unidecode port"
category = "main"
optional = false
python-versions = "*"

[[package]]
name = "toml"
version = "0.10.2"
description = "Python Library for Tom's Obvious, Minimal Language"
category = "dev"
optional = false
python-versions = ">=2.6, !=3.0.*, !=3.1.*, !=3.2.*"

[[package]]
name = "typing-extensions"
version = "4.1.1"
description = "Backported and Experimental Type Hints for Python 3.6+"
category = "dev"
optional = false
python-versions = ">=3.6"

[[package]]
name = "wcwidth"
version = "0.2.5"
description = "Measures the displayed width of unicode strings in a terminal"
category = "dev"
optional = false
python-versions = "*"

[[package]]
name = "zipp"
version = "3.6.0"
description = "Backport of pathlib-compatible object wrapper for zip files"
category = "dev"
optional = false
python-versions = ">=3.6"

[package.extras]
docs = ["sphinx", "jaraco.packaging (>=8.2)", "rst.linker (>=1.9)"]
testing = ["pytest (>=4.6)", "pytest-checkdocs (>=2.4)", "pytest-flake8", "pytest-cov", "pytest-enabler (>=1.0.1)", "jaraco.itertools", "func-timeout", "pytest-black (>=0.3.7)", "pytest-mypy"]

[metadata]
lock-version = "1.1"
python-versions = "^3.6"
content-hash = "70f2d0ca9b23717aff477e7b9d5cd06ad6c8ef4a3258c2b177634687d55c9851"

[metadata.files]
addict = [
    {file = "addict-2.4.0-py3-none-any.whl", hash = "sha256:249bb56bbfd3cdc2a004ea0ff4c2b6ddc84d53bc2194761636eb314d5cfa5dfc"},
    {file = "addict-2.4.0.tar.gz", hash = "sha256:b3b2210e0e067a281f5646c8c5db92e99b7231ea8b0eb5f74dbdf9e259d4e494"},
]
aniso8601 = [
    {file = "aniso8601-7.0.0-py2.py3-none-any.whl", hash = "sha256:d10a4bf949f619f719b227ef5386e31f49a2b6d453004b21f02661ccc8670c7b"},
    {file = "aniso8601-7.0.0.tar.gz", hash = "sha256:513d2b6637b7853806ae79ffaca6f3e8754bdd547048f5ccc1420aec4b714f1e"},
]
atomicwrites = [
    {file = "atomicwrites-1.4.0-py2.py3-none-any.whl", hash = "sha256:6d1784dea7c0c8d4a5172b6c620f40b6e4cbfdf96d783691f2e1302a7b88e197"},
    {file = "atomicwrites-1.4.0.tar.gz", hash = "sha256:ae70396ad1a434f9c7046fd2dd196fc04b12f9e91ffb859164193be8b6168a7a"},
]
attrs = [
    {file = "attrs-21.4.0-py2.py3-none-any.whl", hash = "sha256:2d27e3784d7a565d36ab851fe94887c5eccd6a463168875832a1be79c82828b4"},
    {file = "attrs-21.4.0.tar.gz", hash = "sha256:626ba8234211db98e869df76230a137c4c40a12d72445c45d5f5b716f076e2fd"},
]
colorama = [
    {file = "colorama-0.4.4-py2.py3-none-any.whl", hash = "sha256:9f47eda37229f68eee03b24b9748937c7dc3868f906e8ba69fbcbdd3bc5dc3e2"},
    {file = "colorama-0.4.4.tar.gz", hash = "sha256:5941b2b48a20143d2267e95b1c2a7603ce057ee39fd88e7329b0c292aa16869b"},
]
coverage = [
    {file = "coverage-6.2-cp310-cp310-macosx_10_9_x86_64.whl", hash = "sha256:6dbc1536e105adda7a6312c778f15aaabe583b0e9a0b0a324990334fd458c94b"},
    {file = "coverage-6.2-cp310-cp310-manylinux_2_17_aarch64.manylinux2014_aarch64.whl", hash = "sha256:174cf9b4bef0db2e8244f82059a5a72bd47e1d40e71c68ab055425172b16b7d0"},
    {file = "coverage-6.2-cp310-cp310-manylinux_2_5_i686.manylinux1_i686.manylinux_2_12_i686.manylinux2010_i686.whl", hash = "sha256:92b8c845527eae547a2a6617d336adc56394050c3ed8a6918683646328fbb6da"},
    {file = "coverage-6.2-cp310-cp310-manylinux_2_5_x86_64.manylinux1_x86_64.manylinux_2_12_x86_64.manylinux2010_x86_64.whl", hash = "sha256:c7912d1526299cb04c88288e148c6c87c0df600eca76efd99d84396cfe00ef1d"},
    {file = "coverage-6.2-cp310-cp310-musllinux_1_1_aarch64.whl", hash = "sha256:d5d2033d5db1d58ae2d62f095e1aefb6988af65b4b12cb8987af409587cc0739"},
    {file = "coverage-6.2-cp310-cp310-musllinux_1_1_i686.whl", hash = "sha256:3feac4084291642165c3a0d9eaebedf19ffa505016c4d3db15bfe235718d4971"},
    {file = "coverage-6.2-cp310-cp310-musllinux_1_1_x86_64.whl", hash = "sha256:276651978c94a8c5672ea60a2656e95a3cce2a3f31e9fb2d5ebd4c215d095840"},
    {file = "coverage-6.2-cp310-cp310-win32.whl", hash = "sha256:f506af4f27def639ba45789fa6fde45f9a217da0be05f8910458e4557eed020c"},
    {file = "coverage-6.2-cp310-cp310-win_amd64.whl", hash = "sha256:3f7c17209eef285c86f819ff04a6d4cbee9b33ef05cbcaae4c0b4e8e06b3ec8f"},
    {file = "coverage-6.2-cp311-cp311-macosx_10_14_x86_64.whl", hash = "sha256:13362889b2d46e8d9f97c421539c97c963e34031ab0cb89e8ca83a10cc71ac76"},
    {file = "coverage-6.2-cp311-cp311-manylinux_2_5_x86_64.manylinux1_x86_64.whl", hash = "sha256:22e60a3ca5acba37d1d4a2ee66e051f5b0e1b9ac950b5b0cf4aa5366eda41d47"},
    {file = "coverage-6.2-cp311-cp311-win_amd64.whl", hash = "sha256:b637c57fdb8be84e91fac60d9325a66a5981f8086c954ea2772efe28425eaf64"},
    {file = "coverage-6.2-cp36-cp36m-macosx_10_9_x86_64.whl", hash = "sha256:f467bbb837691ab5a8ca359199d3429a11a01e6dfb3d9dcc676dc035ca93c0a9"},
    {file = "coverage-6.2-cp36-cp36m-manylinux_2_17_aarch64.manylinux2014_aarch64.whl", hash = "sha256:2641f803ee9f95b1f387f3e8f3bf28d83d9b69a39e9911e5bfee832bea75240d"},
    {file = "coverage-6.2-cp36-cp36m-manylinux_2_5_i686.manylinux1_i686.manylinux_2_12_i686.manylinux2010_i686.whl", hash = "sha256:1219d760ccfafc03c0822ae2e06e3b1248a8e6d1a70928966bafc6838d3c9e48"},
    {file = "coverage-6.2-cp36-cp36m-manylinux_2_5_x86_64.manylinux1_x86_64.manylinux_2_12_x86_64.manylinux2010_x86_64.whl", hash = "sha256:9a2b5b52be0a8626fcbffd7e689781bf8c2ac01613e77feda93d96184949a98e"},
    {file = "coverage-6.2-cp36-cp36m-musllinux_1_1_aarch64.whl", hash = "sha256:8e2c35a4c1f269704e90888e56f794e2d9c0262fb0c1b1c8c4ee44d9b9e77b5d"},
    {file = "coverage-6.2-cp36-cp36m-musllinux_1_1_i686.whl", hash = "sha256:5d6b09c972ce9200264c35a1d53d43ca55ef61836d9ec60f0d44273a31aa9f17"},
    {file = "coverage-6.2-cp36-cp36m-musllinux_1_1_x86_64.whl", hash = "sha256:e3db840a4dee542e37e09f30859f1612da90e1c5239a6a2498c473183a50e781"},
    {file = "coverage-6.2-cp36-cp36m-win32.whl", hash = "sha256:4e547122ca2d244f7c090fe3f4b5a5861255ff66b7ab6d98f44a0222aaf8671a"},
    {file = "coverage-6.2-cp36-cp36m-win_amd64.whl", hash = "sha256:01774a2c2c729619760320270e42cd9e797427ecfddd32c2a7b639cdc481f3c0"},
    {file = "coverage-6.2-cp37-cp37m-macosx_10_9_x86_64.whl", hash = "sha256:fb8b8ee99b3fffe4fd86f4c81b35a6bf7e4462cba019997af2fe679365db0c49"},
    {file = "coverage-6.2-cp37-cp37m-manylinux_2_17_aarch64.manylinux2014_aarch64.whl", hash = "sha256:619346d57c7126ae49ac95b11b0dc8e36c1dd49d148477461bb66c8cf13bb521"},
    {file = "coverage-6.2-cp37-cp37m-manylinux_2_5_i686.manylinux1_i686.manylinux_2_12_i686.manylinux2010_i686.whl", hash = "sha256:0a7726f74ff63f41e95ed3a89fef002916c828bb5fcae83b505b49d81a066884"},
    {file = "coverage-6.2-cp37-cp37m-manylinux_2_5_x86_64.manylinux1_x86_64.manylinux_2_12_x86_64.manylinux2010_x86_64.whl", hash = "sha256:cfd9386c1d6f13b37e05a91a8583e802f8059bebfccde61a418c5808dea6bbfa"},
    {file = "coverage-6.2-cp37-cp37m-musllinux_1_1_aarch64.whl", hash = "sha256:17e6c11038d4ed6e8af1407d9e89a2904d573be29d51515f14262d7f10ef0a64"},
    {file = "coverage-6.2-cp37-cp37m-musllinux_1_1_i686.whl", hash = "sha256:c254b03032d5a06de049ce8bca8338a5185f07fb76600afff3c161e053d88617"},
    {file = "coverage-6.2-cp37-cp37m-musllinux_1_1_x86_64.whl", hash = "sha256:dca38a21e4423f3edb821292e97cec7ad38086f84313462098568baedf4331f8"},
    {file = "coverage-6.2-cp37-cp37m-win32.whl", hash = "sha256:600617008aa82032ddeace2535626d1bc212dfff32b43989539deda63b3f36e4"},
    {file = "coverage-6.2-cp37-cp37m-win_amd64.whl", hash = "sha256:bf154ba7ee2fd613eb541c2bc03d3d9ac667080a737449d1a3fb342740eb1a74"},
    {file = "coverage-6.2-cp38-cp38-macosx_10_9_x86_64.whl", hash = "sha256:f9afb5b746781fc2abce26193d1c817b7eb0e11459510fba65d2bd77fe161d9e"},
    {file = "coverage-6.2-cp38-cp38-manylinux_2_17_aarch64.manylinux2014_aarch64.whl", hash = "sha256:edcada2e24ed68f019175c2b2af2a8b481d3d084798b8c20d15d34f5c733fa58"},
    {file = "coverage-6.2-cp38-cp38-manylinux_2_5_i686.manylinux1_i686.manylinux_2_12_i686.manylinux2010_i686.whl", hash = "sha256:a9c8c4283e17690ff1a7427123ffb428ad6a52ed720d550e299e8291e33184dc"},
    {file = "coverage-6.2-cp38-cp38-manylinux_2_5_x86_64.manylinux1_x86_64.manylinux_2_12_x86_64.manylinux2010_x86_64.whl", hash = "sha256:f614fc9956d76d8a88a88bb41ddc12709caa755666f580af3a688899721efecd"},
    {file = "coverage-6.2-cp38-cp38-musllinux_1_1_aarch64.whl", hash = "sha256:9365ed5cce5d0cf2c10afc6add145c5037d3148585b8ae0e77cc1efdd6aa2953"},
    {file = "coverage-6.2-cp38-cp38-musllinux_1_1_i686.whl", hash = "sha256:8bdfe9ff3a4ea37d17f172ac0dff1e1c383aec17a636b9b35906babc9f0f5475"},
    {file = "coverage-6.2-cp38-cp38-musllinux_1_1_x86_64.whl", hash = "sha256:63c424e6f5b4ab1cf1e23a43b12f542b0ec2e54f99ec9f11b75382152981df57"},
    {file = "coverage-6.2-cp38-cp38-win32.whl", hash = "sha256:49dbff64961bc9bdd2289a2bda6a3a5a331964ba5497f694e2cbd540d656dc1c"},
    {file = "coverage-6.2-cp38-cp38-win_amd64.whl", hash = "sha256:9a29311bd6429be317c1f3fe4bc06c4c5ee45e2fa61b2a19d4d1d6111cb94af2"},
    {file = "coverage-6.2-cp39-cp39-macosx_10_9_x86_64.whl", hash = "sha256:03b20e52b7d31be571c9c06b74746746d4eb82fc260e594dc662ed48145e9efd"},
    {file = "coverage-6.2-cp39-cp39-manylinux_2_17_aarch64.manylinux2014_aarch64.whl", hash = "sha256:215f8afcc02a24c2d9a10d3790b21054b58d71f4b3c6f055d4bb1b15cecce685"},
    {file = "coverage-6.2-cp39-cp39-manylinux_2_5_i686.manylinux1_i686.manylinux_2_12_i686.manylinux2010_i686.whl", hash = "sha256:a4bdeb0a52d1d04123b41d90a4390b096f3ef38eee35e11f0b22c2d031222c6c"},
    {file = "coverage-6.2-cp39-cp39-manylinux_2_5_x86_64.manylinux1_x86_64.manylinux_2_12_x86_64.manylinux2010_x86_64.whl", hash = "sha256:c332d8f8d448ded473b97fefe4a0983265af21917d8b0cdcb8bb06b2afe632c3"},
    {file = "coverage-6.2-cp39-cp39-win32.whl", hash = "sha256:6e1394d24d5938e561fbeaa0cd3d356207579c28bd1792f25a068743f2d5b282"},
    {file = "coverage-6.2-cp39-cp39-win_amd64.whl", hash = "sha256:86f2e78b1eff847609b1ca8050c9e1fa3bd44ce755b2ec30e70f2d3ba3844644"},
    {file = "coverage-6.2-pp36.pp37.pp38-none-any.whl", hash = "sha256:5829192582c0ec8ca4a2532407bc14c2f338d9878a10442f5d03804a95fac9de"},
    {file = "coverage-6.2.tar.gz", hash = "sha256:e2cad8093172b7d1595b4ad66f24270808658e11acf43a8f95b41276162eb5b8"},
]
django = [
    {file = "Django-2.2.27-py3-none-any.whl", hash = "sha256:90763c764738586b11d7e1f44828032c153366e43ad7f782908193a1bb2d6d92"},
    {file = "Django-2.2.27.tar.gz", hash = "sha256:1ee37046b0bf2b61e83b3a01d067323516ec3b6f2b17cd49b1326dd4ba9dc913"},
]
factory-boy = [
    {file = "factory_boy-2.12.0-py2.py3-none-any.whl", hash = "sha256:728df59b372c9588b83153facf26d3d28947fc750e8e3c95cefa9bed0e6394ee"},
    {file = "factory_boy-2.12.0.tar.gz", hash = "sha256:faf48d608a1735f0d0a3c9cbf536d64f9132b547dae7ba452c4d99a79e84a370"},
]
faker = [
    {file = "Faker-13.3.1-py3-none-any.whl", hash = "sha256:c88c8b5ee9376a242deca8fe829f9a3215ffa43c31da6f66d9594531fb344453"},
    {file = "Faker-13.3.1.tar.gz", hash = "sha256:fa060e331ffffb57cfa4c07f95d54911e339984ed72596ba6a9e7b6fa569d799"},
]
graphene = [
    {file = "graphene-2.1.9-py2.py3-none-any.whl", hash = "sha256:3d446eb1237c551052bc31155cf1a3a607053e4f58c9172b83a1b597beaa0868"},
    {file = "graphene-2.1.9.tar.gz", hash = "sha256:b9f2850e064eebfee9a3ef4a1f8aa0742848d97652173ab44c82cc8a62b9ed93"},
]
graphene-django = [
    {file = "graphene-django-2.15.0.tar.gz", hash = "sha256:b78c9b05bc899016b9cc5bf13faa1f37fe1faa8c5407552c6ddd1a28f46fc31a"},
    {file = "graphene_django-2.15.0-py2.py3-none-any.whl", hash = "sha256:02671d195f0c09c8649acff2a8f4ad4f297d0f7d98ea6e6cdf034b81bab92880"},
]
graphene-file-upload = [
    {file = "graphene_file_upload-1.3.0-py3-none-any.whl", hash = "sha256:5afe50f409f50e3d198fd92c883d98d868e6c6aaadf5df3a3f4d88ecad90ed97"},
    {file = "graphene_file_upload-1.3.0.tar.gz", hash = "sha256:6898480b0556826472c80971032917c01968ade5800d84054008fe598795b063"},
]
graphql-core = [
    {file = "graphql-core-2.3.2.tar.gz", hash = "sha256:aac46a9ac524c9855910c14c48fc5d60474def7f99fd10245e76608eba7af746"},
    {file = "graphql_core-2.3.2-py2.py3-none-any.whl", hash = "sha256:44c9bac4514e5e30c5a595fac8e3c76c1975cae14db215e8174c7fe995825bad"},
]
graphql-relay = [
    {file = "graphql-relay-2.0.1.tar.gz", hash = "sha256:870b6b5304123a38a0b215a79eace021acce5a466bf40cd39fa18cb8528afabb"},
    {file = "graphql_relay-2.0.1-py3-none-any.whl", hash = "sha256:ac514cb86db9a43014d7e73511d521137ac12cf0101b2eaa5f0a3da2e10d913d"},
]
importlib-metadata = [
    {file = "importlib_metadata-4.8.3-py3-none-any.whl", hash = "sha256:65a9576a5b2d58ca44d133c42a241905cc45e34d2c06fd5ba2bafa221e5d7b5e"},
    {file = "importlib_metadata-4.8.3.tar.gz", hash = "sha256:766abffff765960fcc18003801f7044eb6755ffae4521c8e8ce8e83b9c9b0668"},
]
more-itertools = [
    {file = "more-itertools-8.12.0.tar.gz", hash = "sha256:7dc6ad46f05f545f900dd59e8dfb4e84a4827b97b3cfecb175ea0c7d247f6064"},
    {file = "more_itertools-8.12.0-py3-none-any.whl", hash = "sha256:43e6dd9942dffd72661a2c4ef383ad7da1e6a3e968a927ad7a6083ab410a688b"},
]
packaging = [
    {file = "packaging-21.3-py3-none-any.whl", hash = "sha256:ef103e05f519cdc783ae24ea4e2e0f508a9c99b2d4969652eed6a2e1ea5bd522"},
    {file = "packaging-21.3.tar.gz", hash = "sha256:dd47c42927d89ab911e606518907cc2d3a1f38bbd026385970643f9c5b8ecfeb"},
]
pluggy = [
    {file = "pluggy-0.13.1-py2.py3-none-any.whl", hash = "sha256:966c145cd83c96502c3c3868f50408687b38434af77734af1e9ca461a4081d2d"},
    {file = "pluggy-0.13.1.tar.gz", hash = "sha256:15b2acde666561e1298d71b523007ed7364de07029219b604cf808bfa1c765b0"},
]
promise = [
    {file = "promise-2.3.tar.gz", hash = "sha256:dfd18337c523ba4b6a58801c164c1904a9d4d1b1747c7d5dbf45b693a49d93d0"},
]
py = [
    {file = "py-1.11.0-py2.py3-none-any.whl", hash = "sha256:607c53218732647dff4acdfcd50cb62615cedf612e72d1724fb1a0cc6405b378"},
    {file = "py-1.11.0.tar.gz", hash = "sha256:51c75c4126074b472f746a24399ad32f6053d1b34b68d2fa41e558e6f4a98719"},
]
pyparsing = [
    {file = "pyparsing-3.0.7-py3-none-any.whl", hash = "sha256:a6c06a88f252e6c322f65faf8f418b16213b51bdfaece0524c1c1bc30c63c484"},
    {file = "pyparsing-3.0.7.tar.gz", hash = "sha256:18ee9022775d270c55187733956460083db60b37d0d0fb357445f3094eed3eea"},
]
pytest = [
    {file = "pytest-5.4.3-py3-none-any.whl", hash = "sha256:5c0db86b698e8f170ba4582a492248919255fcd4c79b1ee64ace34301fb589a1"},
    {file = "pytest-5.4.3.tar.gz", hash = "sha256:7979331bfcba207414f5e1263b5a0f8f521d0f457318836a7355531ed1a4c7d8"},
]
pytest-cov = [
    {file = "pytest-cov-2.12.1.tar.gz", hash = "sha256:261ceeb8c227b726249b376b8526b600f38667ee314f910353fa318caa01f4d7"},
    {file = "pytest_cov-2.12.1-py2.py3-none-any.whl", hash = "sha256:261bb9e47e65bd099c89c3edf92972865210c36813f80ede5277dceb77a4a62a"},
]
pytest-django = [
    {file = "pytest-django-3.10.0.tar.gz", hash = "sha256:4de6dbd077ed8606616958f77655fed0d5e3ee45159475671c7fa67596c6dba6"},
    {file = "pytest_django-3.10.0-py2.py3-none-any.whl", hash = "sha256:c33e3d3da14d8409b125d825d4e74da17bb252191bf6fc3da6856e27a8b73ea4"},
]
python-dateutil = [
    {file = "python-dateutil-2.8.2.tar.gz", hash = "sha256:0123cacc1627ae19ddf3c27a5de5bd67ee4586fbdd6440d9748f8abb483d3e86"},
    {file = "python_dateutil-2.8.2-py2.py3-none-any.whl", hash = "sha256:961d03dc3453ebbc59dbdea9e4e11c5651520a876d0f4db161e8674aae935da9"},
]
pytz = [
    {file = "pytz-2021.3-py2.py3-none-any.whl", hash = "sha256:3672058bc3453457b622aab7a1c3bfd5ab0bdae451512f6cf25f64ed37f5b87c"},
    {file = "pytz-2021.3.tar.gz", hash = "sha256:acad2d8b20a1af07d4e4c9d2e9285c5ed9104354062f275f3fcd88dcef4f1326"},
]
rx = [
    {file = "Rx-1.6.1-py2.py3-none-any.whl", hash = "sha256:7357592bc7e881a95e0c2013b73326f704953301ab551fbc8133a6fadab84105"},
    {file = "Rx-1.6.1.tar.gz", hash = "sha256:13a1d8d9e252625c173dc795471e614eadfe1cf40ffc684e08b8fff0d9748c23"},
]
singledispatch = [
    {file = "singledispatch-3.7.0-py2.py3-none-any.whl", hash = "sha256:bc77afa97c8a22596d6d4fc20f1b7bdd2b86edc2a65a4262bdd7cc3cc19aa989"},
    {file = "singledispatch-3.7.0.tar.gz", hash = "sha256:c1a4d5c1da310c3fd8fccfb8d4e1cb7df076148fd5d858a819e37fffe44f3092"},
]
six = [
    {file = "six-1.16.0-py2.py3-none-any.whl", hash = "sha256:8abb2f1d86890a2dfb989f9a77cfcfd3e47c2a354b01111771326f8aa26e0254"},
    {file = "six-1.16.0.tar.gz", hash = "sha256:1e61c37477a1626458e36f7b1d82aa5c9b094fa4802892072e49de9c60c4c926"},
]
sqlparse = [
    {file = "sqlparse-0.4.2-py3-none-any.whl", hash = "sha256:48719e356bb8b42991bdbb1e8b83223757b93789c00910a616a071910ca4a64d"},
    {file = "sqlparse-0.4.2.tar.gz", hash = "sha256:0c00730c74263a94e5a9919ade150dfc3b19c574389985446148402998287dae"},
]
text-unidecode = [
    {file = "text-unidecode-1.3.tar.gz", hash = "sha256:bad6603bb14d279193107714b288be206cac565dfa49aa5b105294dd5c4aab93"},
    {file = "text_unidecode-1.3-py2.py3-none-any.whl", hash = "sha256:1311f10e8b895935241623731c2ba64f4c455287888b18189350b67134a822e8"},
]
toml = [
    {file = "toml-0.10.2-py2.py3-none-any.whl", hash = "sha256:806143ae5bfb6a3c6e736a764057db0e6a0e05e338b5630894a5f779cabb4f9b"},
    {file = "toml-0.10.2.tar.gz", hash = "sha256:b3bda1d108d5dd99f4a20d24d9c348e91c4db7ab1b749200bded2f839ccbe68f"},
]
typing-extensions = [
    {file = "typing_extensions-4.1.1-py3-none-any.whl", hash = "sha256:21c85e0fe4b9a155d0799430b0ad741cdce7e359660ccbd8b530613e8df88ce2"},
    {file = "typing_extensions-4.1.1.tar.gz", hash = "sha256:1a9462dcc3347a79b1f1c0271fbe79e844580bb598bafa1ed208b94da3cdcd42"},
]
wcwidth = [
    {file = "wcwidth-0.2.5-py2.py3-none-any.whl", hash = "sha256:beb4802a9cebb9144e99086eff703a642a13d6a0052920003a230f3294bbe784"},
    {file = "wcwidth-0.2.5.tar.gz", hash = "sha256:c4d647b99872929fdb7bdcaa4fbe7f01413ed3d98077df798530e5b04f116c83"},
]
zipp = [
    {file = "zipp-3.6.0-py3-none-any.whl", hash = "sha256:9fe5ea21568a0a70e50f273397638d39b03353731e6cbbb3fd8502a33fec40bc"},
    {file = "zipp-3.6.0.tar.gz", hash = "sha256:71c644c5369f4a6e07636f0aa966270449561fcea2e3d6747b8d23efaa9d7832"},
]
